# This file is autogenerated, do not edit; changes may be undone by the next 'dep ensure'.


[[projects]]
  name = "github.com/mattn/go-runewidth"
  packages = ["."]
  revision = "9e777a8366cce605130a531d2cd6363d07ad7317"
  version = "v0.0.2"

[[projects]]
  branch = "master"
  name = "github.com/olekukonko/tablewriter"
  packages = ["."]
  revision = "febf2d34b54a69ce7530036c7503b1c9fbfdf0bb"

[[projects]]
  branch = "master"
  name = "github.com/pkgutil/osutil"
  packages = ["."]
  revision = "2114b006ce9b46aab99fc7c623940ae0b81bcf3d"

[[projects]]
  branch = "master"
  name = "github.com/sirupsen/logrus"
  packages = ["."]
  revision = "7dd06bf38e1e13df288d471a57d5adbac106be9e"

[[projects]]
  branch = "master"
  name = "github.com/urfave/cli"
  packages = ["."]
  revision = "b892ba3809cd07fcf2b064e166b0c2e16e0147bd"

[[projects]]
  branch = "master"
  name = "github.com/zchee/go-xdgbasedir"
  packages = [".","home"]
  revision = "db1d5b47b8884dc1bbc39b02600cea863d7ff182"

[[projects]]
  branch = "master"
  name = "golang.org/x/sys"
  packages = ["unix"]
  revision = "90796e5a05ce440b41c768bd9af257005e470461"

[solve-meta]
  analyzer-name = "dep"
  analyzer-version = 1
  inputs-digest = "49da87bf6e717dd4bc883d1766df11abd0aeb70bdee685f230426095ce262bef"
  solver-name = "gps-cdcl"
  solver-version = 1
