memo = "f95c353016f758d8b9ceb82c0102b18b5ebe41ab18d53720b391cd95b3f8a5ec"

[[projects]]
  branch = "master"
  name = "github.com/urfave/cli"
  packages = ["."]
  revision = "9e5b04886c4bfee2ceba1465b8121057355c4e53"

[[projects]]
  branch = "master"
  name = "github.com/zchee/go-xdgbasedir"
  packages = [".","home"]
  revision = "9e3b9735d059747e24923def768d235d9df86b21"
